// !$*UTF8*$!
{
	archiveVersion = 1;
	classes = {
	};
	objectVersion = 46;
	objects = {

/* Begin PBXBuildFile section */
		052FE66A1DD94EF200A5E04F /* main.cpp in Sources */ = {isa = PBXBuildFile; fileRef = 052FE6691DD94EF200A5E04F /* main.cpp */; };
		052FE6721DD94F1900A5E04F /* OpenGL.framework in Frameworks */ = {isa = PBXBuildFile; fileRef = 052FE6711DD94F1900A5E04F /* OpenGL.framework */; };
		052FE6741DD94F1D00A5E04F /* GLUT.framework in Frameworks */ = {isa = PBXBuildFile; fileRef = 052FE6731DD94F1D00A5E04F /* GLUT.framework */; };
		05A74A731DE299EB003E6A66 /* engine.cpp in Sources */ = {isa = PBXBuildFile; fileRef = 05A74A6F1DE299EB003E6A66 /* engine.cpp */; };
		05A74A741DE299EB003E6A66 /* lxMath.cpp in Sources */ = {isa = PBXBuildFile; fileRef = 05A74A711DE299EB003E6A66 /* lxMath.cpp */; };
/* End PBXBuildFile section */

/* Begin PBXCopyFilesBuildPhase section */
		052FE6641DD94EF200A5E04F /* CopyFiles */ = {
			isa = PBXCopyFilesBuildPhase;
			buildActionMask = 2147483647;
			dstPath = /usr/share/man/man1/;
			dstSubfolderSpec = 0;
			files = (
			);
			runOnlyForDeploymentPostprocessing = 1;
		};
/* End PBXCopyFilesBuildPhase section */

/* Begin PBXFileReference section */
		052FE6661DD94EF200A5E04F /* Render */ = {isa = PBXFileReference; explicitFileType = "compiled.mach-o.executable"; includeInIndex = 0; path = Render; sourceTree = BUILT_PRODUCTS_DIR; };
		052FE6691DD94EF200A5E04F /* main.cpp */ = {isa = PBXFileReference; fileEncoding = 4; lastKnownFileType = sourcecode.cpp.cpp; path = main.cpp; sourceTree = "<group>"; };
		052FE6711DD94F1900A5E04F /* OpenGL.framework */ = {isa = PBXFileReference; lastKnownFileType = wrapper.framework; name = OpenGL.framework; path = System/Library/Frameworks/OpenGL.framework; sourceTree = SDKROOT; };
		052FE6731DD94F1D00A5E04F /* GLUT.framework */ = {isa = PBXFileReference; lastKnownFileType = wrapper.framework; name = GLUT.framework; path = System/Library/Frameworks/GLUT.framework; sourceTree = SDKROOT; };
		0534530E1DF8FF870085515C /* trangle.plg */ = {isa = PBXFileReference; lastKnownFileType = text; path = trangle.plg; sourceTree = "<group>"; };
		0553A3BB1DE52AE500E557A1 /* tower1.plg */ = {isa = PBXFileReference; lastKnownFileType = text; path = tower1.plg; sourceTree = "<group>"; };
		05A74A6E1DE299EB003E6A66 /* cube1.plg */ = {isa = PBXFileReference; fileEncoding = 4; lastKnownFileType = text; path = cube1.plg; sourceTree = "<group>"; };
		05A74A6F1DE299EB003E6A66 /* engine.cpp */ = {isa = PBXFileReference; fileEncoding = 4; lastKnownFileType = sourcecode.cpp.cpp; path = engine.cpp; sourceTree = "<group>"; };
		05A74A701DE299EB003E6A66 /* engine.h */ = {isa = PBXFileReference; fileEncoding = 4; lastKnownFileType = sourcecode.c.h; path = engine.h; sourceTree = "<group>"; };
		05A74A711DE299EB003E6A66 /* lxMath.cpp */ = {isa = PBXFileReference; fileEncoding = 4; lastKnownFileType = sourcecode.cpp.cpp; path = lxMath.cpp; sourceTree = "<group>"; };
		05A74A721DE299EB003E6A66 /* lxMath.h */ = {isa = PBXFileReference; fileEncoding = 4; lastKnownFileType = sourcecode.c.h; path = lxMath.h; sourceTree = "<group>"; };
/* End PBXFileReference section */

/* Begin PBXFrameworksBuildPhase section */
		052FE6631DD94EF200A5E04F /* Frameworks */ = {
			isa = PBXFrameworksBuildPhase;
			buildActionMask = 2147483647;
			files = (
				052FE6741DD94F1D00A5E04F /* GLUT.framework in Frameworks */,
				052FE6721DD94F1900A5E04F /* OpenGL.framework in Frameworks */,
			);
			runOnlyForDeploymentPostprocessing = 0;
		};
/* End PBXFrameworksBuildPhase section */

/* Begin PBXGroup section */
		052FE65D1DD94EF200A5E04F = {
			isa = PBXGroup;
			children = (
				052FE6681DD94EF200A5E04F /* Render */,
				052FE6671DD94EF200A5E04F /* Products */,
				052FE6701DD94F1900A5E04F /* Frameworks */,
			);
			sourceTree = "<group>";
		};
		052FE6671DD94EF200A5E04F /* Products */ = {
			isa = PBXGroup;
			children = (
				052FE6661DD94EF200A5E04F /* Render */,
			);
			name = Products;
			sourceTree = "<group>";
		};
		052FE6681DD94EF200A5E04F /* Render */ = {
			isa = PBXGroup;
			children = (
				0534530E1DF8FF870085515C /* trangle.plg */,
				0553A3BB1DE52AE500E557A1 /* tower1.plg */,
				05A74A6E1DE299EB003E6A66 /* cube1.plg */,
				05A74A6F1DE299EB003E6A66 /* engine.cpp */,
				05A74A701DE299EB003E6A66 /* engine.h */,
				05A74A711DE299EB003E6A66 /* lxMath.cpp */,
				05A74A721DE299EB003E6A66 /* lxMath.h */,
				052FE6691DD94EF200A5E04F /* main.cpp */,
			);
			path = Render;
			sourceTree = "<group>";
		};
		052FE6701DD94F1900A5E04F /* Frameworks */ = {
			isa = PBXGroup;
			children = (
				052FE6731DD94F1D00A5E04F /* GLUT.framework */,
				052FE6711DD94F1900A5E04F /* OpenGL.framework */,
			);
			name = Frameworks;
			sourceTree = "<group>";
		};
/* End PBXGroup section */

/* Begin PBXNativeTarget section */
		052FE6651DD94EF200A5E04F /* Render */ = {
			isa = PBXNativeTarget;
			buildConfigurationList = 052FE66D1DD94EF200A5E04F /* Build configuration list for PBXNativeTarget "Render" */;
			buildPhases = (
				052FE6621DD94EF200A5E04F /* Sources */,
				052FE6631DD94EF200A5E04F /* Frameworks */,
				052FE6641DD94EF200A5E04F /* CopyFiles */,
			);
			buildRules = (
			);
			dependencies = (
			);
			name = Render;
			productName = Render;
			productReference = 052FE6661DD94EF200A5E04F /* Render */;
			productType = "com.apple.product-type.tool";
		};
/* End PBXNativeTarget section */

/* Begin PBXProject section */
		052FE65E1DD94EF200A5E04F /* Project object */ = {
			isa = PBXProject;
			attributes = {
				LastUpgradeCheck = 0800;
				ORGANIZATIONNAME = XuMingQi;
				TargetAttributes = {
					052FE6651DD94EF200A5E04F = {
						CreatedOnToolsVersion = 8.0;
						ProvisioningStyle = Automatic;
					};
				};
			};
			buildConfigurationList = 052FE6611DD94EF200A5E04F /* Build configuration list for PBXProject "Render" */;
			compatibilityVersion = "Xcode 3.2";
			developmentRegion = English;
			hasScannedForEncodings = 0;
			knownRegions = (
				en,
			);
			mainGroup = 052FE65D1DD94EF200A5E04F;
			productRefGroup = 052FE6671DD94EF200A5E04F /* Products */;
			projectDirPath = "";
			projectRoot = "";
			targets = (
				052FE6651DD94EF200A5E04F /* Render */,
			);
		};
/* End PBXProject section */

/* Begin PBXSourcesBuildPhase section */
		052FE6621DD94EF200A5E04F /* Sources */ = {
			isa = PBXSourcesBuildPhase;
			buildActionMask = 2147483647;
			files = (
				05A74A741DE299EB003E6A66 /* lxMath.cpp in Sources */,
				052FE66A1DD94EF200A5E04F /* main.cpp in Sources */,
				05A74A731DE299EB003E6A66 /* engine.cpp in Sources */,
			);
			runOnlyForDeploymentPostprocessing = 0;
		};
/* End PBXSourcesBuildPhase section */

/* Begin XCBuildConfiguration section */
		052FE66B1DD94EF200A5E04F /* Debug */ = {
			isa = XCBuildConfiguration;
			buildSettings = {
				ALWAYS_SEARCH_USER_PATHS = NO;
				CLANG_ANALYZER_NONNULL = YES;
				CLANG_CXX_LANGUAGE_STANDARD = "gnu++0x";
				CLANG_CXX_LIBRARY = "libc++";
				CLANG_ENABLE_MODULES = YES;
				CLANG_ENABLE_OBJC_ARC = YES;
				CLANG_WARN_BOOL_CONVERSION = YES;
				CLANG_WARN_CONSTANT_CONVERSION = YES;
				CLANG_WARN_DIRECT_OBJC_ISA_USAGE = YES_ERROR;
				CLANG_WARN_DOCUMENTATION_COMMENTS = YES;
				CLANG_WARN_EMPTY_BODY = YES;
				CLANG_WARN_ENUM_CONVERSION = YES;
				CLANG_WARN_INFINITE_RECURSION = YES;
				CLANG_WARN_INT_CONVERSION = YES;
				CLANG_WARN_OBJC_ROOT_CLASS = YES_ERROR;
				CLANG_WARN_SUSPICIOUS_MOVES = YES;
				CLANG_WARN_UNREACHABLE_CODE = YES;
				CLANG_WARN__DUPLICATE_METHOD_MATCH = YES;
				CODE_SIGN_IDENTITY = "-";
				COPY_PHASE_STRIP = NO;
				DEBUG_INFORMATION_FORMAT = dwarf;
				ENABLE_STRICT_OBJC_MSGSEND = YES;
				ENABLE_TESTABILITY = YES;
				GCC_C_LANGUAGE_STANDARD = gnu99;
				GCC_DYNAMIC_NO_PIC = NO;
				GCC_NO_COMMON_BLOCKS = YES;
				GCC_OPTIMIZATION_LEVEL = 0;
				GCC_PREPROCESSOR_DEFINITIONS = (
					"DEBUG=1",
					"$(inherited)",
				);
				GCC_WARN_64_TO_32_BIT_CONVERSION = YES;
				GCC_WARN_ABOUT_RETURN_TYPE = YES_ERROR;
				GCC_WARN_UNDECLARED_SELECTOR = YES;
				GCC_WARN_UNINITIALIZED_AUTOS = YES_AGGRESSIVE;
				GCC_WARN_UNUSED_FUNCTION = YES;
				GCC_WARN_UNUSED_VARIABLE = YES;
				MACOSX_DEPLOYMENT_TARGET = 10.12;
				MTL_ENABLE_DEBUG_INFO = YES;
				ONLY_ACTIVE_ARCH = YES;
				SDKROOT = macosx;
			};
			name = Debug;
		};
		052FE66C1DD94EF200A5E04F /* Release */ = {
			isa = XCBuildConfiguration;
			buildSettings = {
				ALWAYS_SEARCH_USER_PATHS = NO;
				CLANG_ANALYZER_NONNULL = YES;
				CLANG_CXX_LANGUAGE_STANDARD = "gnu++0x";
				CLANG_CXX_LIBRARY = "libc++";
				CLANG_ENABLE_MODULES = YES;
				CLANG_ENABLE_OBJC_ARC = YES;
				CLANG_WARN_BOOL_CONVERSION = YES;
				CLANG_WARN_CONSTANT_CONVERSION = YES;
				CLANG_WARN_DIRECT_OBJC_ISA_USAGE = YES_ERROR;
				CLANG_WARN_DOCUMENTATION_COMMENTS = YES;
				CLANG_WARN_EMPTY_BODY = YES;
				CLANG_WARN_ENUM_CONVERSION = YES;
				CLANG_WARN_INFINITE_RECURSION = YES;
				CLANG_WARN_INT_CONVERSION = YES;
				CLANG_WARN_OBJC_ROOT_CLASS = YES_ERROR;
				CLANG_WARN_SUSPICIOUS_MOVES = YES;
				CLANG_WARN_UNREACHABLE_CODE = YES;
				CLANG_WARN__DUPLICATE_METHOD_MATCH = YES;
				CODE_SIGN_IDENTITY = "-";
				COPY_PHASE_STRIP = NO;
				DEBUG_INFORMATION_FORMAT = "dwarf-with-dsym";
				ENABLE_NS_ASSERTIONS = NO;
				ENABLE_STRICT_OBJC_MSGSEND = YES;
				GCC_C_LANGUAGE_STANDARD = gnu99;
				GCC_NO_COMMON_BLOCKS = YES;
				GCC_WARN_64_TO_32_BIT_CONVERSION = YES;
				GCC_WARN_ABOUT_RETURN_TYPE = YES_ERROR;
				GCC_WARN_UNDECLARED_SELECTOR = YES;
				GCC_WARN_UNINITIALIZED_AUTOS = YES_AGGRESSIVE;
				GCC_WARN_UNUSED_FUNCTION = YES;
				GCC_WARN_UNUSED_VARIABLE = YES;
				MACOSX_DEPLOYMENT_TARGET = 10.12;
				MTL_ENABLE_DEBUG_INFO = NO;
				SDKROOT = macosx;
			};
			name = Release;
		};
		052FE66E1DD94EF200A5E04F /* Debug */ = {
			isa = XCBuildConfiguration;
			buildSettings = {
				PRODUCT_NAME = "$(TARGET_NAME)";
			};
			name = Debug;
		};
		052FE66F1DD94EF200A5E04F /* Release */ = {
			isa = XCBuildConfiguration;
			buildSettings = {
				PRODUCT_NAME = "$(TARGET_NAME)";
			};
			name = Release;
		};
/* End XCBuildConfiguration section */

/* Begin XCConfigurationList section */
		052FE6611DD94EF200A5E04F /* Build configuration list for PBXProject "Render" */ = {
			isa = XCConfigurationList;
			buildConfigurations = (
				052FE66B1DD94EF200A5E04F /* Debug */,
				052FE66C1DD94EF200A5E04F /* Release */,
			);
			defaultConfigurationIsVisible = 0;
			defaultConfigurationName = Release;
		};
		052FE66D1DD94EF200A5E04F /* Build configuration list for PBXNativeTarget "Render" */ = {
			isa = XCConfigurationList;
			buildConfigurations = (
				052FE66E1DD94EF200A5E04F /* Debug */,
				052FE66F1DD94EF200A5E04F /* Release */,
			);
			defaultConfigurationIsVisible = 0;
			defaultConfigurationName = Release;
		};
/* End XCConfigurationList section */
	};
	rootObject = 052FE65E1DD94EF200A5E04F /* Project object */;
}
